// !$*UTF8*$!
{
	archiveVersion = 1;
	classes = {
	};
	objectVersion = 50;
	objects = {

/* Begin PBXBuildFile section */
		EEF61252256E7C97008C4FF8 /* AppDelegate.swift in Sources */ = {isa = PBXBuildFile; fileRef = EEF61251256E7C97008C4FF8 /* AppDelegate.swift */; };
		EEF61254256E7C97008C4FF8 /* SceneDelegate.swift in Sources */ = {isa = PBXBuildFile; fileRef = EEF61253256E7C97008C4FF8 /* SceneDelegate.swift */; };
		EEF61256256E7C97008C4FF8 /* ConversationsViewController.swift in Sources */ = {isa = PBXBuildFile; fileRef = EEF61255256E7C97008C4FF8 /* ConversationsViewController.swift */; };
		EEF61259256E7C97008C4FF8 /* Main.storyboard in Resources */ = {isa = PBXBuildFile; fileRef = EEF61257256E7C97008C4FF8 /* Main.storyboard */; };
		EEF6125B256E7C98008C4FF8 /* Assets.xcassets in Resources */ = {isa = PBXBuildFile; fileRef = EEF6125A256E7C98008C4FF8 /* Assets.xcassets */; };
		EEF6125E256E7C98008C4FF8 /* LaunchScreen.storyboard in Resources */ = {isa = PBXBuildFile; fileRef = EEF6125C256E7C98008C4FF8 /* LaunchScreen.storyboard */; };
		EEF6126E256E7F15008C4FF8 /* LoginViewController.swift in Sources */ = {isa = PBXBuildFile; fileRef = EEF6126D256E7F15008C4FF8 /* LoginViewController.swift */; };
		EEF61272256E7F30008C4FF8 /* RegisterViewController.swift in Sources */ = {isa = PBXBuildFile; fileRef = EEF61271256E7F30008C4FF8 /* RegisterViewController.swift */; };
		EEF61275256E7F5F008C4FF8 /* PhotoViewerViewController.swift in Sources */ = {isa = PBXBuildFile; fileRef = EEF61274256E7F5F008C4FF8 /* PhotoViewerViewController.swift */; };
		EEF61278256E7F6E008C4FF8 /* VideoViewerViewController.swift in Sources */ = {isa = PBXBuildFile; fileRef = EEF61277256E7F6E008C4FF8 /* VideoViewerViewController.swift */; };
		EEF6127B256E7F87008C4FF8 /* NewConversationViewController.swift in Sources */ = {isa = PBXBuildFile; fileRef = EEF6127A256E7F87008C4FF8 /* NewConversationViewController.swift */; };
		EEF6127E256E7F9A008C4FF8 /* ProfileViewController.swift in Sources */ = {isa = PBXBuildFile; fileRef = EEF6127D256E7F9A008C4FF8 /* ProfileViewController.swift */; };
/* End PBXBuildFile section */

/* Begin PBXFileReference section */
		EEF6124E256E7C97008C4FF8 /* Messenger.app */ = {isa = PBXFileReference; explicitFileType = wrapper.application; includeInIndex = 0; path = Messenger.app; sourceTree = BUILT_PRODUCTS_DIR; };
		EEF61251256E7C97008C4FF8 /* AppDelegate.swift */ = {isa = PBXFileReference; lastKnownFileType = sourcecode.swift; path = AppDelegate.swift; sourceTree = "<group>"; };
		EEF61253256E7C97008C4FF8 /* SceneDelegate.swift */ = {isa = PBXFileReference; lastKnownFileType = sourcecode.swift; path = SceneDelegate.swift; sourceTree = "<group>"; };
		EEF61255256E7C97008C4FF8 /* ConversationsViewController.swift */ = {isa = PBXFileReference; lastKnownFileType = sourcecode.swift; path = ConversationsViewController.swift; sourceTree = "<group>"; };
		EEF61258256E7C97008C4FF8 /* Base */ = {isa = PBXFileReference; lastKnownFileType = file.storyboard; name = Base; path = Base.lproj/Main.storyboard; sourceTree = "<group>"; };
		EEF6125A256E7C98008C4FF8 /* Assets.xcassets */ = {isa = PBXFileReference; lastKnownFileType = folder.assetcatalog; path = Assets.xcassets; sourceTree = "<group>"; };
		EEF6125D256E7C98008C4FF8 /* Base */ = {isa = PBXFileReference; lastKnownFileType = file.storyboard; name = Base; path = Base.lproj/LaunchScreen.storyboard; sourceTree = "<group>"; };
		EEF6125F256E7C98008C4FF8 /* Info.plist */ = {isa = PBXFileReference; lastKnownFileType = text.plist.xml; path = Info.plist; sourceTree = "<group>"; };
		EEF6126D256E7F15008C4FF8 /* LoginViewController.swift */ = {isa = PBXFileReference; lastKnownFileType = sourcecode.swift; path = LoginViewController.swift; sourceTree = "<group>"; };
		EEF61271256E7F30008C4FF8 /* RegisterViewController.swift */ = {isa = PBXFileReference; lastKnownFileType = sourcecode.swift; path = RegisterViewController.swift; sourceTree = "<group>"; };
		EEF61274256E7F5F008C4FF8 /* PhotoViewerViewController.swift */ = {isa = PBXFileReference; lastKnownFileType = sourcecode.swift; path = PhotoViewerViewController.swift; sourceTree = "<group>"; };
		EEF61277256E7F6E008C4FF8 /* VideoViewerViewController.swift */ = {isa = PBXFileReference; lastKnownFileType = sourcecode.swift; path = VideoViewerViewController.swift; sourceTree = "<group>"; };
		EEF6127A256E7F87008C4FF8 /* NewConversationViewController.swift */ = {isa = PBXFileReference; lastKnownFileType = sourcecode.swift; path = NewConversationViewController.swift; sourceTree = "<group>"; };
		EEF6127D256E7F9A008C4FF8 /* ProfileViewController.swift */ = {isa = PBXFileReference; lastKnownFileType = sourcecode.swift; path = ProfileViewController.swift; sourceTree = "<group>"; };
/* End PBXFileReference section */

/* Begin PBXFrameworksBuildPhase section */
		EEF6124B256E7C97008C4FF8 /* Frameworks */ = {
			isa = PBXFrameworksBuildPhase;
			buildActionMask = 2147483647;
			files = (
			);
			runOnlyForDeploymentPostprocessing = 0;
		};
/* End PBXFrameworksBuildPhase section */

/* Begin PBXGroup section */
		EEF61245256E7C97008C4FF8 = {
			isa = PBXGroup;
			children = (
				EEF61250256E7C97008C4FF8 /* Messenger */,
				EEF6124F256E7C97008C4FF8 /* Products */,
			);
			sourceTree = "<group>";
		};
		EEF6124F256E7C97008C4FF8 /* Products */ = {
			isa = PBXGroup;
			children = (
				EEF6124E256E7C97008C4FF8 /* Messenger.app */,
			);
			name = Products;
			sourceTree = "<group>";
		};
		EEF61250256E7C97008C4FF8 /* Messenger */ = {
			isa = PBXGroup;
			children = (
				EEF6126A256E7D8E008C4FF8 /* Resources */,
				EEF61269256E7D7D008C4FF8 /* ViewModels */,
				EEF61268256E7D77008C4FF8 /* Models */,
				EEF61267256E7D71008C4FF8 /* Views */,
				EEF61266256E7D66008C4FF8 /* Controllers */,
				EEF6125F256E7C98008C4FF8 /* Info.plist */,
			);
			path = Messenger;
			sourceTree = "<group>";
		};
		EEF61266256E7D66008C4FF8 /* Controllers */ = {
			isa = PBXGroup;
			children = (
				EEF61255256E7C97008C4FF8 /* ConversationsViewController.swift */,
				EEF6126D256E7F15008C4FF8 /* LoginViewController.swift */,
				EEF61271256E7F30008C4FF8 /* RegisterViewController.swift */,
				EEF61274256E7F5F008C4FF8 /* PhotoViewerViewController.swift */,
				EEF61277256E7F6E008C4FF8 /* VideoViewerViewController.swift */,
				EEF6127A256E7F87008C4FF8 /* NewConversationViewController.swift */,
				EEF6127D256E7F9A008C4FF8 /* ProfileViewController.swift */,
			);
			path = Controllers;
			sourceTree = "<group>";
		};
		EEF61267256E7D71008C4FF8 /* Views */ = {
			isa = PBXGroup;
			children = (
				EEF6126B256E7DC3008C4FF8 /* Storyboards */,
				EEF6125A256E7C98008C4FF8 /* Assets.xcassets */,
			);
			path = Views;
			sourceTree = "<group>";
		};
		EEF61268256E7D77008C4FF8 /* Models */ = {
			isa = PBXGroup;
			children = (
			);
			path = Models;
			sourceTree = "<group>";
		};
		EEF61269256E7D7D008C4FF8 /* ViewModels */ = {
			isa = PBXGroup;
			children = (
			);
			path = ViewModels;
			sourceTree = "<group>";
		};
		EEF6126A256E7D8E008C4FF8 /* Resources */ = {
			isa = PBXGroup;
			children = (
				EEF61251256E7C97008C4FF8 /* AppDelegate.swift */,
				EEF61253256E7C97008C4FF8 /* SceneDelegate.swift */,
			);
			path = Resources;
			sourceTree = "<group>";
		};
		EEF6126B256E7DC3008C4FF8 /* Storyboards */ = {
			isa = PBXGroup;
			children = (
				EEF61257256E7C97008C4FF8 /* Main.storyboard */,
				EEF6125C256E7C98008C4FF8 /* LaunchScreen.storyboard */,
			);
			path = Storyboards;
			sourceTree = "<group>";
		};
/* End PBXGroup section */

/* Begin PBXNativeTarget section */
		EEF6124D256E7C97008C4FF8 /* Messenger */ = {
			isa = PBXNativeTarget;
			buildConfigurationList = EEF61262256E7C98008C4FF8 /* Build configuration list for PBXNativeTarget "Messenger" */;
			buildPhases = (
				EEF6124A256E7C97008C4FF8 /* Sources */,
				EEF6124B256E7C97008C4FF8 /* Frameworks */,
				EEF6124C256E7C97008C4FF8 /* Resources */,
			);
			buildRules = (
			);
			dependencies = (
			);
			name = Messenger;
			productName = Messenger;
			productReference = EEF6124E256E7C97008C4FF8 /* Messenger.app */;
			productType = "com.apple.product-type.application";
		};
/* End PBXNativeTarget section */

/* Begin PBXProject section */
		EEF61246256E7C97008C4FF8 /* Project object */ = {
			isa = PBXProject;
			attributes = {
				LastSwiftUpdateCheck = 1220;
				LastUpgradeCheck = 1220;
				TargetAttributes = {
					EEF6124D256E7C97008C4FF8 = {
						CreatedOnToolsVersion = 12.2;
					};
				};
			};
			buildConfigurationList = EEF61249256E7C97008C4FF8 /* Build configuration list for PBXProject "Messenger" */;
			compatibilityVersion = "Xcode 9.3";
			developmentRegion = en;
			hasScannedForEncodings = 0;
			knownRegions = (
				en,
				Base,
			);
			mainGroup = EEF61245256E7C97008C4FF8;
			productRefGroup = EEF6124F256E7C97008C4FF8 /* Products */;
			projectDirPath = "";
			projectRoot = "";
			targets = (
				EEF6124D256E7C97008C4FF8 /* Messenger */,
			);
		};
/* End PBXProject section */

/* Begin PBXResourcesBuildPhase section */
		EEF6124C256E7C97008C4FF8 /* Resources */ = {
			isa = PBXResourcesBuildPhase;
			buildActionMask = 2147483647;
			files = (
				EEF6125E256E7C98008C4FF8 /* LaunchScreen.storyboard in Resources */,
				EEF6125B256E7C98008C4FF8 /* Assets.xcassets in Resources */,
				EEF61259256E7C97008C4FF8 /* Main.storyboard in Resources */,
			);
			runOnlyForDeploymentPostprocessing = 0;
		};
/* End PBXResourcesBuildPhase section */

/* Begin PBXSourcesBuildPhase section */
		EEF6124A256E7C97008C4FF8 /* Sources */ = {
			isa = PBXSourcesBuildPhase;
			buildActionMask = 2147483647;
			files = (
				EEF6126E256E7F15008C4FF8 /* LoginViewController.swift in Sources */,
				EEF61278256E7F6E008C4FF8 /* VideoViewerViewController.swift in Sources */,
				EEF6127B256E7F87008C4FF8 /* NewConversationViewController.swift in Sources */,
				EEF61272256E7F30008C4FF8 /* RegisterViewController.swift in Sources */,
				EEF61256256E7C97008C4FF8 /* ConversationsViewController.swift in Sources */,
				EEF61252256E7C97008C4FF8 /* AppDelegate.swift in Sources */,
				EEF6127E256E7F9A008C4FF8 /* ProfileViewController.swift in Sources */,
				EEF61254256E7C97008C4FF8 /* SceneDelegate.swift in Sources */,
				EEF61275256E7F5F008C4FF8 /* PhotoViewerViewController.swift in Sources */,
			);
			runOnlyForDeploymentPostprocessing = 0;
		};
/* End PBXSourcesBuildPhase section */

/* Begin PBXVariantGroup section */
		EEF61257256E7C97008C4FF8 /* Main.storyboard */ = {
			isa = PBXVariantGroup;
			children = (
				EEF61258256E7C97008C4FF8 /* Base */,
			);
			name = Main.storyboard;
			sourceTree = "<group>";
		};
		EEF6125C256E7C98008C4FF8 /* LaunchScreen.storyboard */ = {
			isa = PBXVariantGroup;
			children = (
				EEF6125D256E7C98008C4FF8 /* Base */,
			);
			name = LaunchScreen.storyboard;
			sourceTree = "<group>";
		};
/* End PBXVariantGroup section */

/* Begin XCBuildConfiguration section */
		EEF61260256E7C98008C4FF8 /* Debug */ = {
			isa = XCBuildConfiguration;
			buildSettings = {
				ALWAYS_SEARCH_USER_PATHS = NO;
				CLANG_ANALYZER_NONNULL = YES;
				CLANG_ANALYZER_NUMBER_OBJECT_CONVERSION = YES_AGGRESSIVE;
				CLANG_CXX_LANGUAGE_STANDARD = "gnu++14";
				CLANG_CXX_LIBRARY = "libc++";
				CLANG_ENABLE_MODULES = YES;
				CLANG_ENABLE_OBJC_ARC = YES;
				CLANG_ENABLE_OBJC_WEAK = YES;
				CLANG_WARN_BLOCK_CAPTURE_AUTORELEASING = YES;
				CLANG_WARN_BOOL_CONVERSION = YES;
				CLANG_WARN_COMMA = YES;
				CLANG_WARN_CONSTANT_CONVERSION = YES;
				CLANG_WARN_DEPRECATED_OBJC_IMPLEMENTATIONS = YES;
				CLANG_WARN_DIRECT_OBJC_ISA_USAGE = YES_ERROR;
				CLANG_WARN_DOCUMENTATION_COMMENTS = YES;
				CLANG_WARN_EMPTY_BODY = YES;
				CLANG_WARN_ENUM_CONVERSION = YES;
				CLANG_WARN_INFINITE_RECURSION = YES;
				CLANG_WARN_INT_CONVERSION = YES;
				CLANG_WARN_NON_LITERAL_NULL_CONVERSION = YES;
				CLANG_WARN_OBJC_IMPLICIT_RETAIN_SELF = YES;
				CLANG_WARN_OBJC_LITERAL_CONVERSION = YES;
				CLANG_WARN_OBJC_ROOT_CLASS = YES_ERROR;
				CLANG_WARN_QUOTED_INCLUDE_IN_FRAMEWORK_HEADER = YES;
				CLANG_WARN_RANGE_LOOP_ANALYSIS = YES;
				CLANG_WARN_STRICT_PROTOTYPES = YES;
				CLANG_WARN_SUSPICIOUS_MOVE = YES;
				CLANG_WARN_UNGUARDED_AVAILABILITY = YES_AGGRESSIVE;
				CLANG_WARN_UNREACHABLE_CODE = YES;
				CLANG_WARN__DUPLICATE_METHOD_MATCH = YES;
				COPY_PHASE_STRIP = NO;
				DEBUG_INFORMATION_FORMAT = dwarf;
				ENABLE_STRICT_OBJC_MSGSEND = YES;
				ENABLE_TESTABILITY = YES;
				GCC_C_LANGUAGE_STANDARD = gnu11;
				GCC_DYNAMIC_NO_PIC = NO;
				GCC_NO_COMMON_BLOCKS = YES;
				GCC_OPTIMIZATION_LEVEL = 0;
				GCC_PREPROCESSOR_DEFINITIONS = (
					"DEBUG=1",
					"$(inherited)",
				);
				GCC_WARN_64_TO_32_BIT_CONVERSION = YES;
				GCC_WARN_ABOUT_RETURN_TYPE = YES_ERROR;
				GCC_WARN_UNDECLARED_SELECTOR = YES;
				GCC_WARN_UNINITIALIZED_AUTOS = YES_AGGRESSIVE;
				GCC_WARN_UNUSED_FUNCTION = YES;
				GCC_WARN_UNUSED_VARIABLE = YES;
				IPHONEOS_DEPLOYMENT_TARGET = 14.2;
				MTL_ENABLE_DEBUG_INFO = INCLUDE_SOURCE;
				MTL_FAST_MATH = YES;
				ONLY_ACTIVE_ARCH = YES;
				SDKROOT = iphoneos;
				SWIFT_ACTIVE_COMPILATION_CONDITIONS = DEBUG;
				SWIFT_OPTIMIZATION_LEVEL = "-Onone";
			};
			name = Debug;
		};
		EEF61261256E7C98008C4FF8 /* Release */ = {
			isa = XCBuildConfiguration;
			buildSettings = {
				ALWAYS_SEARCH_USER_PATHS = NO;
				CLANG_ANALYZER_NONNULL = YES;
				CLANG_ANALYZER_NUMBER_OBJECT_CONVERSION = YES_AGGRESSIVE;
				CLANG_CXX_LANGUAGE_STANDARD = "gnu++14";
				CLANG_CXX_LIBRARY = "libc++";
				CLANG_ENABLE_MODULES = YES;
				CLANG_ENABLE_OBJC_ARC = YES;
				CLANG_ENABLE_OBJC_WEAK = YES;
				CLANG_WARN_BLOCK_CAPTURE_AUTORELEASING = YES;
				CLANG_WARN_BOOL_CONVERSION = YES;
				CLANG_WARN_COMMA = YES;
				CLANG_WARN_CONSTANT_CONVERSION = YES;
				CLANG_WARN_DEPRECATED_OBJC_IMPLEMENTATIONS = YES;
				CLANG_WARN_DIRECT_OBJC_ISA_USAGE = YES_ERROR;
				CLANG_WARN_DOCUMENTATION_COMMENTS = YES;
				CLANG_WARN_EMPTY_BODY = YES;
				CLANG_WARN_ENUM_CONVERSION = YES;
				CLANG_WARN_INFINITE_RECURSION = YES;
				CLANG_WARN_INT_CONVERSION = YES;
				CLANG_WARN_NON_LITERAL_NULL_CONVERSION = YES;
				CLANG_WARN_OBJC_IMPLICIT_RETAIN_SELF = YES;
				CLANG_WARN_OBJC_LITERAL_CONVERSION = YES;
				CLANG_WARN_OBJC_ROOT_CLASS = YES_ERROR;
				CLANG_WARN_QUOTED_INCLUDE_IN_FRAMEWORK_HEADER = YES;
				CLANG_WARN_RANGE_LOOP_ANALYSIS = YES;
				CLANG_WARN_STRICT_PROTOTYPES = YES;
				CLANG_WARN_SUSPICIOUS_MOVE = YES;
				CLANG_WARN_UNGUARDED_AVAILABILITY = YES_AGGRESSIVE;
				CLANG_WARN_UNREACHABLE_CODE = YES;
				CLANG_WARN__DUPLICATE_METHOD_MATCH = YES;
				COPY_PHASE_STRIP = NO;
				DEBUG_INFORMATION_FORMAT = "dwarf-with-dsym";
				ENABLE_NS_ASSERTIONS = NO;
				ENABLE_STRICT_OBJC_MSGSEND = YES;
				GCC_C_LANGUAGE_STANDARD = gnu11;
				GCC_NO_COMMON_BLOCKS = YES;
				GCC_WARN_64_TO_32_BIT_CONVERSION = YES;
				GCC_WARN_ABOUT_RETURN_TYPE = YES_ERROR;
				GCC_WARN_UNDECLARED_SELECTOR = YES;
				GCC_WARN_UNINITIALIZED_AUTOS = YES_AGGRESSIVE;
				GCC_WARN_UNUSED_FUNCTION = YES;
				GCC_WARN_UNUSED_VARIABLE = YES;
				IPHONEOS_DEPLOYMENT_TARGET = 14.2;
				MTL_ENABLE_DEBUG_INFO = NO;
				MTL_FAST_MATH = YES;
				SDKROOT = iphoneos;
				SWIFT_COMPILATION_MODE = wholemodule;
				SWIFT_OPTIMIZATION_LEVEL = "-O";
				VALIDATE_PRODUCT = YES;
			};
			name = Release;
		};
		EEF61263256E7C98008C4FF8 /* Debug */ = {
			isa = XCBuildConfiguration;
			buildSettings = {
				ASSETCATALOG_COMPILER_APPICON_NAME = AppIcon;
				ASSETCATALOG_COMPILER_GLOBAL_ACCENT_COLOR_NAME = AccentColor;
				CODE_SIGN_STYLE = Automatic;
				DEVELOPMENT_TEAM = 765CMDGNPL;
				INFOPLIST_FILE = Messenger/Info.plist;
				LD_RUNPATH_SEARCH_PATHS = (
					"$(inherited)",
					"@executable_path/Frameworks",
				);
				PRODUCT_BUNDLE_IDENTIFIER = Regina.Messenger;
				PRODUCT_NAME = "$(TARGET_NAME)";
				SWIFT_VERSION = 5.0;
				TARGETED_DEVICE_FAMILY = "1,2";
			};
			name = Debug;
		};
		EEF61264256E7C98008C4FF8 /* Release */ = {
			isa = XCBuildConfiguration;
			buildSettings = {
				ASSETCATALOG_COMPILER_APPICON_NAME = AppIcon;
				ASSETCATALOG_COMPILER_GLOBAL_ACCENT_COLOR_NAME = AccentColor;
				CODE_SIGN_STYLE = Automatic;
				DEVELOPMENT_TEAM = 765CMDGNPL;
				INFOPLIST_FILE = Messenger/Info.plist;
				LD_RUNPATH_SEARCH_PATHS = (
					"$(inherited)",
					"@executable_path/Frameworks",
				);
				PRODUCT_BUNDLE_IDENTIFIER = Regina.Messenger;
				PRODUCT_NAME = "$(TARGET_NAME)";
				SWIFT_VERSION = 5.0;
				TARGETED_DEVICE_FAMILY = "1,2";
			};
			name = Release;
		};
/* End XCBuildConfiguration section */

/* Begin XCConfigurationList section */
		EEF61249256E7C97008C4FF8 /* Build configuration list for PBXProject "Messenger" */ = {
			isa = XCConfigurationList;
			buildConfigurations = (
				EEF61260256E7C98008C4FF8 /* Debug */,
				EEF61261256E7C98008C4FF8 /* Release */,
			);
			defaultConfigurationIsVisible = 0;
			defaultConfigurationName = Release;
		};
		EEF61262256E7C98008C4FF8 /* Build configuration list for PBXNativeTarget "Messenger" */ = {
			isa = XCConfigurationList;
			buildConfigurations = (
				EEF61263256E7C98008C4FF8 /* Debug */,
				EEF61264256E7C98008C4FF8 /* Release */,
			);
			defaultConfigurationIsVisible = 0;
			defaultConfigurationName = Release;
		};
/* End XCConfigurationList section */
	};
	rootObject = EEF61246256E7C97008C4FF8 /* Project object */;
}
